
Microsoft Visual Studio Solution File, Format Version 12.00
# Visual Studio Version 16
VisualStudioVersion = 16.0.30907.101
MinimumVisualStudioVersion = 10.0.40219.1
Project("{FAE04EC0-301F-11D3-BF4B-00C04F79EFBC}") = "GrpcService1", "GrpcService1.csproj", "{EF9C8207-6690-4E1D-97EF-8B919224CE0A}"
EndProject
Global
	GlobalSection(SolutionConfigurationPlatforms) = preSolution
		Debug|Any CPU = Debug|Any CPU
		Release|Any CPU = Release|Any CPU
	EndGlobalSection
	GlobalSection(ProjectConfigurationPlatforms) = postSolution
		{EF9C8207-6690-4E1D-97EF-8B919224CE0A}.Debug|Any CPU.ActiveCfg = Debug|Any CPU
		{EF9C8207-6690-4E1D-97EF-8B919224CE0A}.Debug|Any CPU.Build.0 = Debug|Any CPU
		{EF9C8207-6690-4E1D-97EF-8B919224CE0A}.Release|Any CPU.ActiveCfg = Release|Any CPU
		{EF9C8207-6690-4E1D-97EF-8B919224CE0A}.Release|Any CPU.Build.0 = Release|Any CPU
	EndGlobalSection
	GlobalSection(SolutionProperties) = preSolution
		HideSolutionNode = FALSE
	EndGlobalSection
	GlobalSection(ExtensibilityGlobals) = postSolution
		SolutionGuid = {799D5C81-D491-43B1-8B68-EA2F7F7C5B16}
	EndGlobalSection
EndGlobal
